{
  "version": 4,
  "terraform_version": "1.15.5",
  "serial": 18,
  "lineage": "2ebf2aac-d8b8-6076-88b3-e87b9ead1e11",
  "outputs": {
    "ecr_repository_url": {
      "value": "673981388599.dkr.ecr.us-west-1.amazonaws.com/puzzlechess",
      "type": "string"
    },
    "ecs_cluster": {
      "value": "puzzlechess",
      "type": "string"
    },
    "s3_bucket": {
      "value": "puzzlechess-results-673981388599",
      "type": "string"
    },
    "security_group_id": {
      "value": "sg-0a74a1fe027496c13",
      "type": "string"
    },
    "subnet_ids": {
      "value": [
        "subnet-01a68a93375478a22",
        "subnet-0ce03dc1960b7f164"
      ],
      "type": [
        "list",
        "string"
      ]
    }
  },
  "resources": [
    {
      "mode": "data",
      "type": "aws_caller_identity",
      "name": "current",
      "provider": "provider[\"registry.terraform.io/hashicorp/aws\"]",
      "instances": [
        {
          "schema_version": 0,
          "attributes": {
            "account_id": "673981388599",
            "arn": "arn:aws:iam::673981388599:user/hypervisor_admin_1",
            "id": "673981388599",
            "user_id": "AIDAZZ3DL24377KRV5ZAZ"
          },
          "sensitive_attributes": [],
          "identity_schema_version": 0
        }
      ]
    },
    {
      "mode": "data",
      "type": "aws_subnets",
      "name": "default",
      "provider": "provider[\"registry.terraform.io/hashicorp/aws\"]",
      "instances": [
        {
          "schema_version": 0,
          "attributes": {
            "filter": [
              {
                "name": "vpc-id",
                "values": [
                  "vpc-0cb12505687011fd6"
                ]
              }
            ],
            "id": "us-west-1",
            "ids": [
              "subnet-01a68a93375478a22",
              "subnet-0ce03dc1960b7f164"
            ],
            "tags": null,
            "timeouts": null
          },
          "sensitive_attributes": [],
          "identity_schema_version": 0
        }
      ]
    },
    {
      "mode": "data",
      "type": "aws_vpc",
      "name": "default",
      "provider": "provider[\"registry.terraform.io/hashicorp/aws\"]",
      "instances": [
        {
          "schema_version": 0,
          "attributes": {
            "arn": "arn:aws:ec2:us-west-1:673981388599:vpc/vpc-0cb12505687011fd6",
            "cidr_block": "172.31.0.0/16",
            "cidr_block_associations": [
              {
                "association_id": "vpc-cidr-assoc-0b656a02a5e5dd09d",
                "cidr_block": "172.31.0.0/16",
                "state": "associated"
              }
            ],
            "default": true,
            "dhcp_options_id": "dopt-08c06f644328db0b4",
            "enable_dns_hostnames": true,
            "enable_dns_support": true,
            "enable_network_address_usage_metrics": false,
            "filter": null,
            "id": "vpc-0cb12505687011fd6",
            "instance_tenancy": "default",
            "ipv6_association_id": "",
            "ipv6_cidr_block": "",
            "main_route_table_id": "rtb-003b6d4fdd60ee10b",
            "owner_id": "673981388599",
            "state": null,
            "tags": {},
            "timeouts": null
          },
          "sensitive_attributes": [],
          "identity_schema_version": 0
        }
      ]
    },
    {
      "mode": "managed",
      "type": "aws_cloudwatch_log_group",
      "name": "puzzlechess",
      "provider": "provider[\"registry.terraform.io/hashicorp/aws\"]",
      "instances": [
        {
          "schema_version": 0,
          "attributes": {
            "arn": "arn:aws:logs:us-west-1:673981388599:log-group:/ecs/puzzlechess",
            "id": "/ecs/puzzlechess",
            "kms_key_id": "",
            "log_group_class": "STANDARD",
            "name": "/ecs/puzzlechess",
            "name_prefix": "",
            "retention_in_days": 7,
            "skip_destroy": false,
            "tags": null,
            "tags_all": {}
          },
          "sensitive_attributes": [],
          "identity_schema_version": 0,
          "private": "bnVsbA=="
        }
      ]
    },
    {
      "mode": "managed",
      "type": "aws_ecr_repository",
      "name": "puzzlechess",
      "provider": "provider[\"registry.terraform.io/hashicorp/aws\"]",
      "instances": [
        {
          "schema_version": 0,
          "attributes": {
            "arn": "arn:aws:ecr:us-west-1:673981388599:repository/puzzlechess",
            "encryption_configuration": [
              {
                "encryption_type": "AES256",
                "kms_key": ""
              }
            ],
            "force_delete": null,
            "id": "puzzlechess",
            "image_scanning_configuration": [
              {
                "scan_on_push": false
              }
            ],
            "image_tag_mutability": "MUTABLE",
            "name": "puzzlechess",
            "registry_id": "673981388599",
            "repository_url": "673981388599.dkr.ecr.us-west-1.amazonaws.com/puzzlechess",
            "tags": null,
            "tags_all": {},
            "timeouts": null
          },
          "sensitive_attributes": [],
          "identity_schema_version": 0,
          "private": "eyJlMmJmYjczMC1lY2FhLTExZTYtOGY4OC0zNDM2M2JjN2M0YzAiOnsiZGVsZXRlIjoxMjAwMDAwMDAwMDAwfX0="
        }
      ]
    },
    {
      "mode": "managed",
      "type": "aws_ecs_cluster",
      "name": "puzzlechess",
      "provider": "provider[\"registry.terraform.io/hashicorp/aws\"]",
      "instances": [
        {
          "schema_version": 0,
          "attributes": {
            "arn": "arn:aws:ecs:us-west-1:673981388599:cluster/puzzlechess",
            "configuration": [],
            "id": "arn:aws:ecs:us-west-1:673981388599:cluster/puzzlechess",
            "name": "puzzlechess",
            "service_connect_defaults": [],
            "setting": [
              {
                "name": "containerInsights",
                "value": "disabled"
              }
            ],
            "tags": null,
            "tags_all": {}
          },
          "sensitive_attributes": [],
          "identity_schema_version": 0,
          "private": "bnVsbA=="
        }
      ]
    },
    {
      "mode": "managed",
      "type": "aws_ecs_task_definition",
      "name": "model",
      "provider": "provider[\"registry.terraform.io/hashicorp/aws\"]",
      "instances": [
        {
          "index_key": "claude-haiku-4-5",
          "schema_version": 1,
          "attributes": {
            "arn": "arn:aws:ecs:us-west-1:673981388599:task-definition/puzzlechess-claude-haiku-4-5:1",
            "arn_without_revision": "arn:aws:ecs:us-west-1:673981388599:task-definition/puzzlechess-claude-haiku-4-5",
            "container_definitions": "[{\"environment\":[{\"name\":\"AWS_DEFAULT_REGION\",\"value\":\"us-west-1\"},{\"name\":\"MODEL\",\"value\":\"claude-haiku-4-5\"},{\"name\":\"S3_BUCKET\",\"value\":\"puzzlechess-results-673981388599\"},{\"name\":\"S3_KEY_PREFIX\",\"value\":\"runs/\"}],\"essential\":true,\"image\":\"673981388599.dkr.ecr.us-west-1.amazonaws.com/puzzlechess:claude-haiku-4-5\",\"logConfiguration\":{\"logDriver\":\"awslogs\",\"options\":{\"awslogs-region\":\"us-west-1\",\"awslogs-stream-prefix\":\"claude-haiku-4-5\",\"awslogs-group\":\"/ecs/puzzlechess\"}},\"mountPoints\":[],\"name\":\"puzzlechess\",\"portMappings\":[],\"secrets\":[{\"name\":\"ANTHROPIC_API_KEY\",\"valueFrom\":\"arn:aws:secretsmanager:us-west-1:673981388599:secret:puzzlechess/anthropic-api-key-Mlu4bn\"},{\"name\":\"OPENAI_API_KEY\",\"valueFrom\":\"arn:aws:secretsmanager:us-west-1:673981388599:secret:puzzlechess/openai-api-key-AlyQCn\"}],\"systemControls\":[],\"volumesFrom\":[]}]",
            "cpu": "256",
            "enable_fault_injection": false,
            "ephemeral_storage": [],
            "execution_role_arn": "arn:aws:iam::673981388599:role/puzzlechess-task-execution-role",
            "family": "puzzlechess-claude-haiku-4-5",
            "id": "puzzlechess-claude-haiku-4-5",
            "inference_accelerator": [],
            "ipc_mode": "",
            "memory": "512",
            "network_mode": "awsvpc",
            "pid_mode": "",
            "placement_constraints": [],
            "proxy_configuration": [],
            "requires_compatibilities": [
              "FARGATE"
            ],
            "revision": 1,
            "runtime_platform": [],
            "skip_destroy": false,
            "tags": null,
            "tags_all": {},
            "task_role_arn": "arn:aws:iam::673981388599:role/puzzlechess-task-role",
            "track_latest": false,
            "volume": []
          },
          "sensitive_attributes": [],
          "identity_schema_version": 0,
          "private": "eyJzY2hlbWFfdmVyc2lvbiI6IjEifQ==",
          "dependencies": [
            "aws_cloudwatch_log_group.puzzlechess",
            "aws_ecr_repository.puzzlechess",
            "aws_iam_role.ecs_task",
            "aws_iam_role.ecs_task_execution",
            "aws_s3_bucket.results",
            "aws_secretsmanager_secret.anthropic_api_key",
            "aws_secretsmanager_secret.openai_api_key",
            "data.aws_caller_identity.current"
          ]
        },
        {
          "index_key": "claude-opus-4-7",
          "schema_version": 1,
          "attributes": {
            "arn": "arn:aws:ecs:us-west-1:673981388599:task-definition/puzzlechess-claude-opus-4-7:1",
            "arn_without_revision": "arn:aws:ecs:us-west-1:673981388599:task-definition/puzzlechess-claude-opus-4-7",
            "container_definitions": "[{\"environment\":[{\"name\":\"AWS_DEFAULT_REGION\",\"value\":\"us-west-1\"},{\"name\":\"MODEL\",\"value\":\"claude-opus-4-7\"},{\"name\":\"S3_BUCKET\",\"value\":\"puzzlechess-results-673981388599\"},{\"name\":\"S3_KEY_PREFIX\",\"value\":\"runs/\"}],\"essential\":true,\"image\":\"673981388599.dkr.ecr.us-west-1.amazonaws.com/puzzlechess:claude-opus-4-7\",\"logConfiguration\":{\"logDriver\":\"awslogs\",\"options\":{\"awslogs-group\":\"/ecs/puzzlechess\",\"awslogs-region\":\"us-west-1\",\"awslogs-stream-prefix\":\"claude-opus-4-7\"}},\"mountPoints\":[],\"name\":\"puzzlechess\",\"portMappings\":[],\"secrets\":[{\"name\":\"ANTHROPIC_API_KEY\",\"valueFrom\":\"arn:aws:secretsmanager:us-west-1:673981388599:secret:puzzlechess/anthropic-api-key-Mlu4bn\"},{\"name\":\"OPENAI_API_KEY\",\"valueFrom\":\"arn:aws:secretsmanager:us-west-1:673981388599:secret:puzzlechess/openai-api-key-AlyQCn\"}],\"systemControls\":[],\"volumesFrom\":[]}]",
            "cpu": "256",
            "enable_fault_injection": false,
            "ephemeral_storage": [],
            "execution_role_arn": "arn:aws:iam::673981388599:role/puzzlechess-task-execution-role",
            "family": "puzzlechess-claude-opus-4-7",
            "id": "puzzlechess-claude-opus-4-7",
            "inference_accelerator": [],
            "ipc_mode": "",
            "memory": "512",
            "network_mode": "awsvpc",
            "pid_mode": "",
            "placement_constraints": [],
            "proxy_configuration": [],
            "requires_compatibilities": [
              "FARGATE"
            ],
            "revision": 1,
            "runtime_platform": [],
            "skip_destroy": false,
            "tags": null,
            "tags_all": {},
            "task_role_arn": "arn:aws:iam::673981388599:role/puzzlechess-task-role",
            "track_latest": false,
            "volume": []
          },
          "sensitive_attributes": [],
          "identity_schema_version": 0,
          "private": "eyJzY2hlbWFfdmVyc2lvbiI6IjEifQ==",
          "dependencies": [
            "aws_cloudwatch_log_group.puzzlechess",
            "aws_ecr_repository.puzzlechess",
            "aws_iam_role.ecs_task",
            "aws_iam_role.ecs_task_execution",
            "aws_s3_bucket.results",
            "aws_secretsmanager_secret.anthropic_api_key",
            "aws_secretsmanager_secret.openai_api_key",
            "data.aws_caller_identity.current"
          ]
        },
        {
          "index_key": "claude-sonnet-4-6",
          "schema_version": 1,
          "attributes": {
            "arn": "arn:aws:ecs:us-west-1:673981388599:task-definition/puzzlechess-claude-sonnet-4-6:1",
            "arn_without_revision": "arn:aws:ecs:us-west-1:673981388599:task-definition/puzzlechess-claude-sonnet-4-6",
            "container_definitions": "[{\"environment\":[{\"name\":\"AWS_DEFAULT_REGION\",\"value\":\"us-west-1\"},{\"name\":\"MODEL\",\"value\":\"claude-sonnet-4-6\"},{\"name\":\"S3_BUCKET\",\"value\":\"puzzlechess-results-673981388599\"},{\"name\":\"S3_KEY_PREFIX\",\"value\":\"runs/\"}],\"essential\":true,\"image\":\"673981388599.dkr.ecr.us-west-1.amazonaws.com/puzzlechess:claude-sonnet-4-6\",\"logConfiguration\":{\"logDriver\":\"awslogs\",\"options\":{\"awslogs-region\":\"us-west-1\",\"awslogs-stream-prefix\":\"claude-sonnet-4-6\",\"awslogs-group\":\"/ecs/puzzlechess\"}},\"mountPoints\":[],\"name\":\"puzzlechess\",\"portMappings\":[],\"secrets\":[{\"name\":\"ANTHROPIC_API_KEY\",\"valueFrom\":\"arn:aws:secretsmanager:us-west-1:673981388599:secret:puzzlechess/anthropic-api-key-Mlu4bn\"},{\"name\":\"OPENAI_API_KEY\",\"valueFrom\":\"arn:aws:secretsmanager:us-west-1:673981388599:secret:puzzlechess/openai-api-key-AlyQCn\"}],\"systemControls\":[],\"volumesFrom\":[]}]",
            "cpu": "256",
            "enable_fault_injection": false,
            "ephemeral_storage": [],
            "execution_role_arn": "arn:aws:iam::673981388599:role/puzzlechess-task-execution-role",
            "family": "puzzlechess-claude-sonnet-4-6",
            "id": "puzzlechess-claude-sonnet-4-6",
            "inference_accelerator": [],
            "ipc_mode": "",
            "memory": "512",
            "network_mode": "awsvpc",
            "pid_mode": "",
            "placement_constraints": [],
            "proxy_configuration": [],
            "requires_compatibilities": [
              "FARGATE"
            ],
            "revision": 1,
            "runtime_platform": [],
            "skip_destroy": false,
            "tags": null,
            "tags_all": {},
            "task_role_arn": "arn:aws:iam::673981388599:role/puzzlechess-task-role",
            "track_latest": false,
            "volume": []
          },
          "sensitive_attributes": [],
          "identity_schema_version": 0,
          "private": "eyJzY2hlbWFfdmVyc2lvbiI6IjEifQ==",
          "dependencies": [
            "aws_cloudwatch_log_group.puzzlechess",
            "aws_ecr_repository.puzzlechess",
            "aws_iam_role.ecs_task",
            "aws_iam_role.ecs_task_execution",
            "aws_s3_bucket.results",
            "aws_secretsmanager_secret.anthropic_api_key",
            "aws_secretsmanager_secret.openai_api_key",
            "data.aws_caller_identity.current"
          ]
        },
        {
          "index_key": "gpt-4.1",
          "schema_version": 1,
          "attributes": {
            "arn": "arn:aws:ecs:us-west-1:673981388599:task-definition/puzzlechess-gpt-4-1:1",
            "arn_without_revision": "arn:aws:ecs:us-west-1:673981388599:task-definition/puzzlechess-gpt-4-1",
            "container_definitions": "[{\"environment\":[{\"name\":\"AWS_DEFAULT_REGION\",\"value\":\"us-west-1\"},{\"name\":\"MODEL\",\"value\":\"gpt-4.1\"},{\"name\":\"S3_BUCKET\",\"value\":\"puzzlechess-results-673981388599\"},{\"name\":\"S3_KEY_PREFIX\",\"value\":\"runs/\"}],\"essential\":true,\"image\":\"673981388599.dkr.ecr.us-west-1.amazonaws.com/puzzlechess:gpt-4.1\",\"logConfiguration\":{\"logDriver\":\"awslogs\",\"options\":{\"awslogs-group\":\"/ecs/puzzlechess\",\"awslogs-region\":\"us-west-1\",\"awslogs-stream-prefix\":\"gpt-4.1\"}},\"mountPoints\":[],\"name\":\"puzzlechess\",\"portMappings\":[],\"secrets\":[{\"name\":\"ANTHROPIC_API_KEY\",\"valueFrom\":\"arn:aws:secretsmanager:us-west-1:673981388599:secret:puzzlechess/anthropic-api-key-Mlu4bn\"},{\"name\":\"OPENAI_API_KEY\",\"valueFrom\":\"arn:aws:secretsmanager:us-west-1:673981388599:secret:puzzlechess/openai-api-key-AlyQCn\"}],\"systemControls\":[],\"volumesFrom\":[]}]",
            "cpu": "256",
            "enable_fault_injection": false,
            "ephemeral_storage": [],
            "execution_role_arn": "arn:aws:iam::673981388599:role/puzzlechess-task-execution-role",
            "family": "puzzlechess-gpt-4-1",
            "id": "puzzlechess-gpt-4-1",
            "inference_accelerator": [],
            "ipc_mode": "",
            "memory": "512",
            "network_mode": "awsvpc",
            "pid_mode": "",
            "placement_constraints": [],
            "proxy_configuration": [],
            "requires_compatibilities": [
              "FARGATE"
            ],
            "revision": 1,
            "runtime_platform": [],
            "skip_destroy": false,
            "tags": null,
            "tags_all": {},
            "task_role_arn": "arn:aws:iam::673981388599:role/puzzlechess-task-role",
            "track_latest": false,
            "volume": []
          },
          "sensitive_attributes": [],
          "identity_schema_version": 0,
          "private": "eyJzY2hlbWFfdmVyc2lvbiI6IjEifQ==",
          "dependencies": [
            "aws_cloudwatch_log_group.puzzlechess",
            "aws_ecr_repository.puzzlechess",
            "aws_iam_role.ecs_task",
            "aws_iam_role.ecs_task_execution",
            "aws_s3_bucket.results",
            "aws_secretsmanager_secret.anthropic_api_key",
            "aws_secretsmanager_secret.openai_api_key",
            "data.aws_caller_identity.current"
          ]
        },
        {
          "index_key": "gpt-4.1-mini",
          "schema_version": 1,
          "attributes": {
            "arn": "arn:aws:ecs:us-west-1:673981388599:task-definition/puzzlechess-gpt-4-1-mini:1",
            "arn_without_revision": "arn:aws:ecs:us-west-1:673981388599:task-definition/puzzlechess-gpt-4-1-mini",
            "container_definitions": "[{\"environment\":[{\"name\":\"AWS_DEFAULT_REGION\",\"value\":\"us-west-1\"},{\"name\":\"MODEL\",\"value\":\"gpt-4.1-mini\"},{\"name\":\"S3_BUCKET\",\"value\":\"puzzlechess-results-673981388599\"},{\"name\":\"S3_KEY_PREFIX\",\"value\":\"runs/\"}],\"essential\":true,\"image\":\"673981388599.dkr.ecr.us-west-1.amazonaws.com/puzzlechess:gpt-4.1-mini\",\"logConfiguration\":{\"logDriver\":\"awslogs\",\"options\":{\"awslogs-stream-prefix\":\"gpt-4.1-mini\",\"awslogs-group\":\"/ecs/puzzlechess\",\"awslogs-region\":\"us-west-1\"}},\"mountPoints\":[],\"name\":\"puzzlechess\",\"portMappings\":[],\"secrets\":[{\"name\":\"ANTHROPIC_API_KEY\",\"valueFrom\":\"arn:aws:secretsmanager:us-west-1:673981388599:secret:puzzlechess/anthropic-api-key-Mlu4bn\"},{\"name\":\"OPENAI_API_KEY\",\"valueFrom\":\"arn:aws:secretsmanager:us-west-1:673981388599:secret:puzzlechess/openai-api-key-AlyQCn\"}],\"systemControls\":[],\"volumesFrom\":[]}]",
            "cpu": "256",
            "enable_fault_injection": false,
            "ephemeral_storage": [],
            "execution_role_arn": "arn:aws:iam::673981388599:role/puzzlechess-task-execution-role",
            "family": "puzzlechess-gpt-4-1-mini",
            "id": "puzzlechess-gpt-4-1-mini",
            "inference_accelerator": [],
            "ipc_mode": "",
            "memory": "512",
            "network_mode": "awsvpc",
            "pid_mode": "",
            "placement_constraints": [],
            "proxy_configuration": [],
            "requires_compatibilities": [
              "FARGATE"
            ],
            "revision": 1,
            "runtime_platform": [],
            "skip_destroy": false,
            "tags": null,
            "tags_all": {},
            "task_role_arn": "arn:aws:iam::673981388599:role/puzzlechess-task-role",
            "track_latest": false,
            "volume": []
          },
          "sensitive_attributes": [],
          "identity_schema_version": 0,
          "private": "eyJzY2hlbWFfdmVyc2lvbiI6IjEifQ==",
          "dependencies": [
            "aws_cloudwatch_log_group.puzzlechess",
            "aws_ecr_repository.puzzlechess",
            "aws_iam_role.ecs_task",
            "aws_iam_role.ecs_task_execution",
            "aws_s3_bucket.results",
            "aws_secretsmanager_secret.anthropic_api_key",
            "aws_secretsmanager_secret.openai_api_key",
            "data.aws_caller_identity.current"
          ]
        },
        {
          "index_key": "o3",
          "schema_version": 1,
          "attributes": {
            "arn": "arn:aws:ecs:us-west-1:673981388599:task-definition/puzzlechess-o3:1",
            "arn_without_revision": "arn:aws:ecs:us-west-1:673981388599:task-definition/puzzlechess-o3",
            "container_definitions": "[{\"environment\":[{\"name\":\"AWS_DEFAULT_REGION\",\"value\":\"us-west-1\"},{\"name\":\"MODEL\",\"value\":\"o3\"},{\"name\":\"S3_BUCKET\",\"value\":\"puzzlechess-results-673981388599\"},{\"name\":\"S3_KEY_PREFIX\",\"value\":\"runs/\"}],\"essential\":true,\"image\":\"673981388599.dkr.ecr.us-west-1.amazonaws.com/puzzlechess:o3\",\"logConfiguration\":{\"logDriver\":\"awslogs\",\"options\":{\"awslogs-group\":\"/ecs/puzzlechess\",\"awslogs-region\":\"us-west-1\",\"awslogs-stream-prefix\":\"o3\"}},\"mountPoints\":[],\"name\":\"puzzlechess\",\"portMappings\":[],\"secrets\":[{\"name\":\"ANTHROPIC_API_KEY\",\"valueFrom\":\"arn:aws:secretsmanager:us-west-1:673981388599:secret:puzzlechess/anthropic-api-key-Mlu4bn\"},{\"name\":\"OPENAI_API_KEY\",\"valueFrom\":\"arn:aws:secretsmanager:us-west-1:673981388599:secret:puzzlechess/openai-api-key-AlyQCn\"}],\"systemControls\":[],\"volumesFrom\":[]}]",
            "cpu": "256",
            "enable_fault_injection": false,
            "ephemeral_storage": [],
            "execution_role_arn": "arn:aws:iam::673981388599:role/puzzlechess-task-execution-role",
            "family": "puzzlechess-o3",
            "id": "puzzlechess-o3",
            "inference_accelerator": [],
            "ipc_mode": "",
            "memory": "512",
            "network_mode": "awsvpc",
            "pid_mode": "",
            "placement_constraints": [],
            "proxy_configuration": [],
            "requires_compatibilities": [
              "FARGATE"
            ],
            "revision": 1,
            "runtime_platform": [],
            "skip_destroy": false,
            "tags": null,
            "tags_all": {},
            "task_role_arn": "arn:aws:iam::673981388599:role/puzzlechess-task-role",
            "track_latest": false,
            "volume": []
          },
          "sensitive_attributes": [],
          "identity_schema_version": 0,
          "private": "eyJzY2hlbWFfdmVyc2lvbiI6IjEifQ==",
          "dependencies": [
            "aws_cloudwatch_log_group.puzzlechess",
            "aws_ecr_repository.puzzlechess",
            "aws_iam_role.ecs_task",
            "aws_iam_role.ecs_task_execution",
            "aws_s3_bucket.results",
            "aws_secretsmanager_secret.anthropic_api_key",
            "aws_secretsmanager_secret.openai_api_key",
            "data.aws_caller_identity.current"
          ]
        }
      ]
    },
    {
      "mode": "managed",
      "type": "aws_iam_role",
      "name": "ecs_task",
      "provider": "provider[\"registry.terraform.io/hashicorp/aws\"]",
      "instances": [
        {
          "schema_version": 0,
          "attributes": {
            "arn": "arn:aws:iam::673981388599:role/puzzlechess-task-role",
            "assume_role_policy": "{\"Statement\":[{\"Action\":\"sts:AssumeRole\",\"Effect\":\"Allow\",\"Principal\":{\"Service\":\"ecs-tasks.amazonaws.com\"}}],\"Version\":\"2012-10-17\"}",
            "create_date": "2026-05-30T02:02:35Z",
            "description": "",
            "force_detach_policies": false,
            "id": "puzzlechess-task-role",
            "inline_policy": [],
            "managed_policy_arns": [],
            "max_session_duration": 3600,
            "name": "puzzlechess-task-role",
            "name_prefix": "",
            "path": "/",
            "permissions_boundary": "",
            "tags": null,
            "tags_all": {},
            "unique_id": "AROAZZ3DL2436FHUXMXR3"
          },
          "sensitive_attributes": [],
          "identity_schema_version": 0,
          "private": "bnVsbA=="
        }
      ]
    },
    {
      "mode": "managed",
      "type": "aws_iam_role",
      "name": "ecs_task_execution",
      "provider": "provider[\"registry.terraform.io/hashicorp/aws\"]",
      "instances": [
        {
          "schema_version": 0,
          "attributes": {
            "arn": "arn:aws:iam::673981388599:role/puzzlechess-task-execution-role",
            "assume_role_policy": "{\"Statement\":[{\"Action\":\"sts:AssumeRole\",\"Effect\":\"Allow\",\"Principal\":{\"Service\":\"ecs-tasks.amazonaws.com\"}}],\"Version\":\"2012-10-17\"}",
            "create_date": "2026-05-30T02:02:35Z",
            "description": "",
            "force_detach_policies": false,
            "id": "puzzlechess-task-execution-role",
            "inline_policy": [],
            "managed_policy_arns": [],
            "max_session_duration": 3600,
            "name": "puzzlechess-task-execution-role",
            "name_prefix": "",
            "path": "/",
            "permissions_boundary": "",
            "tags": null,
            "tags_all": {},
            "unique_id": "AROAZZ3DL243SINPEIUW5"
          },
          "sensitive_attributes": [],
          "identity_schema_version": 0,
          "private": "bnVsbA=="
        }
      ]
    },
    {
      "mode": "managed",
      "type": "aws_iam_role_policy",
      "name": "ecs_task_execution_secrets",
      "provider": "provider[\"registry.terraform.io/hashicorp/aws\"]",
      "instances": [
        {
          "schema_version": 0,
          "attributes": {
            "id": "puzzlechess-task-execution-role:puzzlechess-task-execution-secrets-policy",
            "name": "puzzlechess-task-execution-secrets-policy",
            "name_prefix": "",
            "policy": "{\"Version\":\"2012-10-17\",\"Statement\":[{\"Action\":[\"secretsmanager:GetSecretValue\"],\"Effect\":\"Allow\",\"Resource\":[\"arn:aws:secretsmanager:us-west-1:673981388599:secret:puzzlechess/anthropic-api-key-Mlu4bn\",\"arn:aws:secretsmanager:us-west-1:673981388599:secret:puzzlechess/openai-api-key-AlyQCn\"]}]}",
            "role": "puzzlechess-task-execution-role"
          },
          "sensitive_attributes": [],
          "identity_schema_version": 0,
          "private": "bnVsbA==",
          "dependencies": [
            "aws_iam_role.ecs_task_execution",
            "aws_secretsmanager_secret.anthropic_api_key",
            "aws_secretsmanager_secret.openai_api_key"
          ]
        }
      ]
    },
    {
      "mode": "managed",
      "type": "aws_iam_role_policy",
      "name": "ecs_task_s3",
      "provider": "provider[\"registry.terraform.io/hashicorp/aws\"]",
      "instances": [
        {
          "schema_version": 0,
          "attributes": {
            "id": "puzzlechess-task-role:puzzlechess-task-s3-policy",
            "name": "puzzlechess-task-s3-policy",
            "name_prefix": "",
            "policy": "{\"Version\":\"2012-10-17\",\"Statement\":[{\"Action\":[\"s3:PutObject\",\"s3:GetObject\"],\"Effect\":\"Allow\",\"Resource\":\"arn:aws:s3:::puzzlechess-results-673981388599/*\"}]}",
            "role": "puzzlechess-task-role"
          },
          "sensitive_attributes": [],
          "identity_schema_version": 0,
          "private": "bnVsbA==",
          "dependencies": [
            "aws_iam_role.ecs_task",
            "aws_s3_bucket.results",
            "data.aws_caller_identity.current"
          ]
        }
      ]
    },
    {
      "mode": "managed",
      "type": "aws_iam_role_policy_attachment",
      "name": "ecs_task_execution",
      "provider": "provider[\"registry.terraform.io/hashicorp/aws\"]",
      "instances": [
        {
          "schema_version": 0,
          "attributes": {
            "id": "puzzlechess-task-execution-role-20260530020236092900000003",
            "policy_arn": "arn:aws:iam::aws:policy/service-role/AmazonECSTaskExecutionRolePolicy",
            "role": "puzzlechess-task-execution-role"
          },
          "sensitive_attributes": [],
          "identity_schema_version": 0,
          "private": "bnVsbA==",
          "dependencies": [
            "aws_iam_role.ecs_task_execution"
          ]
        }
      ]
    },
    {
      "mode": "managed",
      "type": "aws_s3_bucket",
      "name": "results",
      "provider": "provider[\"registry.terraform.io/hashicorp/aws\"]",
      "instances": [
        {
          "schema_version": 0,
          "attributes": {
            "acceleration_status": "",
            "acl": null,
            "arn": "arn:aws:s3:::puzzlechess-results-673981388599",
            "bucket": "puzzlechess-results-673981388599",
            "bucket_domain_name": "puzzlechess-results-673981388599.s3.amazonaws.com",
            "bucket_prefix": "",
            "bucket_regional_domain_name": "puzzlechess-results-673981388599.s3.us-west-1.amazonaws.com",
            "cors_rule": [],
            "force_destroy": false,
            "grant": [
              {
                "id": "7dc1fb0a63ceb73e729a28883cfea276b3ad293dc692b8adc1cbf2e46da7447b",
                "permissions": [
                  "FULL_CONTROL"
                ],
                "type": "CanonicalUser",
                "uri": ""
              }
            ],
            "hosted_zone_id": "Z2F56UZL2M1ACD",
            "id": "puzzlechess-results-673981388599",
            "lifecycle_rule": [],
            "logging": [],
            "object_lock_configuration": [],
            "object_lock_enabled": false,
            "policy": "",
            "region": "us-west-1",
            "replication_configuration": [],
            "request_payer": "BucketOwner",
            "server_side_encryption_configuration": [
              {
                "rule": [
                  {
                    "apply_server_side_encryption_by_default": [
                      {
                        "kms_master_key_id": "",
                        "sse_algorithm": "AES256"
                      }
                    ],
                    "bucket_key_enabled": false
                  }
                ]
              }
            ],
            "tags": null,
            "tags_all": {},
            "timeouts": null,
            "versioning": [
              {
                "enabled": false,
                "mfa_delete": false
              }
            ],
            "website": [],
            "website_domain": null,
            "website_endpoint": null
          },
          "sensitive_attributes": [],
          "identity_schema_version": 0,
          "private": "eyJlMmJmYjczMC1lY2FhLTExZTYtOGY4OC0zNDM2M2JjN2M0YzAiOnsiY3JlYXRlIjoxMjAwMDAwMDAwMDAwLCJkZWxldGUiOjM2MDAwMDAwMDAwMDAsInJlYWQiOjEyMDAwMDAwMDAwMDAsInVwZGF0ZSI6MTIwMDAwMDAwMDAwMH19",
          "dependencies": [
            "data.aws_caller_identity.current"
          ]
        }
      ]
    },
    {
      "mode": "managed",
      "type": "aws_s3_bucket_public_access_block",
      "name": "results",
      "provider": "provider[\"registry.terraform.io/hashicorp/aws\"]",
      "instances": [
        {
          "schema_version": 0,
          "attributes": {
            "block_public_acls": true,
            "block_public_policy": true,
            "bucket": "puzzlechess-results-673981388599",
            "id": "puzzlechess-results-673981388599",
            "ignore_public_acls": true,
            "restrict_public_buckets": true
          },
          "sensitive_attributes": [],
          "identity_schema_version": 0,
          "private": "bnVsbA==",
          "dependencies": [
            "aws_s3_bucket.results",
            "data.aws_caller_identity.current"
          ]
        }
      ]
    },
    {
      "mode": "managed",
      "type": "aws_secretsmanager_secret",
      "name": "anthropic_api_key",
      "provider": "provider[\"registry.terraform.io/hashicorp/aws\"]",
      "instances": [
        {
          "schema_version": 0,
          "attributes": {
            "arn": "arn:aws:secretsmanager:us-west-1:673981388599:secret:puzzlechess/anthropic-api-key-Mlu4bn",
            "description": "",
            "force_overwrite_replica_secret": false,
            "id": "arn:aws:secretsmanager:us-west-1:673981388599:secret:puzzlechess/anthropic-api-key-Mlu4bn",
            "kms_key_id": "",
            "name": "puzzlechess/anthropic-api-key",
            "name_prefix": "",
            "policy": "",
            "recovery_window_in_days": 0,
            "replica": [],
            "tags": null,
            "tags_all": {}
          },
          "sensitive_attributes": [],
          "identity_schema_version": 0,
          "private": "bnVsbA=="
        }
      ]
    },
    {
      "mode": "managed",
      "type": "aws_secretsmanager_secret",
      "name": "openai_api_key",
      "provider": "provider[\"registry.terraform.io/hashicorp/aws\"]",
      "instances": [
        {
          "schema_version": 0,
          "attributes": {
            "arn": "arn:aws:secretsmanager:us-west-1:673981388599:secret:puzzlechess/openai-api-key-AlyQCn",
            "description": "",
            "force_overwrite_replica_secret": false,
            "id": "arn:aws:secretsmanager:us-west-1:673981388599:secret:puzzlechess/openai-api-key-AlyQCn",
            "kms_key_id": "",
            "name": "puzzlechess/openai-api-key",
            "name_prefix": "",
            "policy": "",
            "recovery_window_in_days": 0,
            "replica": [],
            "tags": null,
            "tags_all": {}
          },
          "sensitive_attributes": [],
          "identity_schema_version": 0,
          "private": "bnVsbA=="
        }
      ]
    },
    {
      "mode": "managed",
      "type": "aws_security_group",
      "name": "fargate",
      "provider": "provider[\"registry.terraform.io/hashicorp/aws\"]",
      "instances": [
        {
          "schema_version": 1,
          "attributes": {
            "arn": "arn:aws:ec2:us-west-1:673981388599:security-group/sg-0a74a1fe027496c13",
            "description": "Allow all outbound for API calls, no inbound needed",
            "egress": [
              {
                "cidr_blocks": [
                  "0.0.0.0/0"
                ],
                "description": "",
                "from_port": 0,
                "ipv6_cidr_blocks": [],
                "prefix_list_ids": [],
                "protocol": "-1",
                "security_groups": [],
                "self": false,
                "to_port": 0
              }
            ],
            "id": "sg-0a74a1fe027496c13",
            "ingress": [],
            "name": "puzzlechess-fargate-sg",
            "name_prefix": "",
            "owner_id": "673981388599",
            "revoke_rules_on_delete": false,
            "tags": null,
            "tags_all": {},
            "timeouts": null,
            "vpc_id": "vpc-0cb12505687011fd6"
          },
          "sensitive_attributes": [],
          "identity_schema_version": 0,
          "private": "eyJlMmJmYjczMC1lY2FhLTExZTYtOGY4OC0zNDM2M2JjN2M0YzAiOnsiY3JlYXRlIjo2MDAwMDAwMDAwMDAsImRlbGV0ZSI6OTAwMDAwMDAwMDAwfSwic2NoZW1hX3ZlcnNpb24iOiIxIn0=",
          "dependencies": [
            "data.aws_vpc.default"
          ]
        }
      ]
    }
  ],
  "check_results": null
}
